{
  "name": "protobuf-dart-conformance-runner",
  "version": "1.0.0",
  "lockfileVersion": 3,
  "requires": true,
  "packages": {
    "": {
      "name": "protobuf-dart-conformance-runner",
      "version": "1.0.0",
      "devDependencies": {
        "protobuf-conformance": "^31.1.0"
      }
    },
    "node_modules/protobuf-conformance": {
      "version": "31.1.0",
      "resolved": "https://registry.npmjs.org/protobuf-conformance/-/protobuf-conformance-31.1.0.tgz",
      "integrity": "sha512-j7XRk2j78t80FnTqDMkqZrVnqKZ8Ks22R6/yBNrVPB+uEwNTSGzl6mDxuEvTS6gBzzF5bfnKiuvF/USBU1yp6Q==",
      "dev": true,
      "license": "Apache-2.0",
      "bin": {
        "conformance_proto_eject": "conformance_proto_eject.cjs",
        "conformance_test_runner": "conformance_test_runner.cjs"
      },
      "engines": {
        "node": ">=20.0.0"
      }
    }
  }
}
